
Microsoft Visual Studio Solution File, Format Version 12.00
# Visual Studio 15
VisualStudioVersion = 15.0.28307.136
MinimumVisualStudioVersion = 10.0.40219.1
Project("{FAE04EC0-301F-11D3-BF4B-00C04F79EFBC}") = "DemotivatorApi", "DemotivatorApi\DemotivatorApi.csproj", "{1CC1DE58-C59A-4CAE-8695-B4A1B00C0134}"
EndProject
Project("{FAE04EC0-301F-11D3-BF4B-00C04F79EFBC}") = "DemotivatorApiTests", "DemotivatorApiTests\DemotivatorApiTests.csproj", "{613EA75E-41F8-4991-8595-454FF038A2A1}"
EndProject
Project("{FAE04EC0-301F-11D3-BF4B-00C04F79EFBC}") = "DemotivatorWebApi", "DemotivatorWebApi\DemotivatorWebApi.csproj", "{E5478743-4A3B-43DE-935F-FDA629626062}"
EndProject
Global
	GlobalSection(SolutionConfigurationPlatforms) = preSolution
		Debug|Any CPU = Debug|Any CPU
		Release|Any CPU = Release|Any CPU
	EndGlobalSection
	GlobalSection(ProjectConfigurationPlatforms) = postSolution
		{1CC1DE58-C59A-4CAE-8695-B4A1B00C0134}.Debug|Any CPU.ActiveCfg = Debug|Any CPU
		{1CC1DE58-C59A-4CAE-8695-B4A1B00C0134}.Debug|Any CPU.Build.0 = Debug|Any CPU
		{1CC1DE58-C59A-4CAE-8695-B4A1B00C0134}.Release|Any CPU.ActiveCfg = Release|Any CPU
		{1CC1DE58-C59A-4CAE-8695-B4A1B00C0134}.Release|Any CPU.Build.0 = Release|Any CPU
		{613EA75E-41F8-4991-8595-454FF038A2A1}.Debug|Any CPU.ActiveCfg = Debug|Any CPU
		{613EA75E-41F8-4991-8595-454FF038A2A1}.Debug|Any CPU.Build.0 = Debug|Any CPU
		{613EA75E-41F8-4991-8595-454FF038A2A1}.Release|Any CPU.ActiveCfg = Release|Any CPU
		{613EA75E-41F8-4991-8595-454FF038A2A1}.Release|Any CPU.Build.0 = Release|Any CPU
		{E5478743-4A3B-43DE-935F-FDA629626062}.Debug|Any CPU.ActiveCfg = Debug|Any CPU
		{E5478743-4A3B-43DE-935F-FDA629626062}.Debug|Any CPU.Build.0 = Debug|Any CPU
		{E5478743-4A3B-43DE-935F-FDA629626062}.Release|Any CPU.ActiveCfg = Release|Any CPU
		{E5478743-4A3B-43DE-935F-FDA629626062}.Release|Any CPU.Build.0 = Release|Any CPU
	EndGlobalSection
	GlobalSection(SolutionProperties) = preSolution
		HideSolutionNode = FALSE
	EndGlobalSection
	GlobalSection(ExtensibilityGlobals) = postSolution
		SolutionGuid = {FE732B34-E6CC-44B5-ACD0-7E09D2DC9B3A}
	EndGlobalSection
EndGlobal
